{
  "name": "battle_dev",
  "version": "1.0.0",
  "lockfileVersion": 1,
  "requires": true,
  "dependencies": {
    "toast_lib": {
      "version": "1.0.2",
      "resolved": "https://registry.npmjs.org/toast_lib/-/toast_lib-1.0.2.tgz",
      "integrity": "sha512-A+G3QCBFvRV0He1l0XGfrpj8Wi5s9+5cvmInWRQiu7czXY+Xk8DQCZ4tpqLCgPXEsKVLVtTHleSqsUCq/rZ3jQ=="
    }
  }
}
